
Microsoft Visual Studio Solution File, Format Version 12.00
# Visual Studio Version 16
VisualStudioVersion = 16.0.30320.27
MinimumVisualStudioVersion = 10.0.40219.1
Project("{FAE04EC0-301F-11D3-BF4B-00C04F79EFBC}") = "A6.TntExportPacsRel2", "A6.TntExportPacsRel2\A6.TntExportPacsRel2.csproj", "{AD032A95-2D24-47C5-B636-C570BAA9E1E4}"
EndProject
Project("{FAE04EC0-301F-11D3-BF4B-00C04F79EFBC}") = "A6.TntExportPacsRel2TestHarness", "A6.TntExportPacsRel2TestHarness\A6.TntExportPacsRel2TestHarness.csproj", "{892CDBB1-5617-4075-BDEF-9883B1428104}"
EndProject
Project("{FAE04EC0-301F-11D3-BF4B-00C04F79EFBC}") = "A6.TntExportPacsRel2UnitTests", "A6.TntExportPacsRel2UnitTests\A6.TntExportPacsRel2UnitTests.csproj", "{4E9B24DB-CE5C-4173-967F-6C53AD753231}"
EndProject
Project("{2150E333-8FDC-42A3-9474-1A3956D46DE8}") = "Solution Items", "Solution Items", "{5E2AE2CB-E8F7-4826-8300-10941107F3B1}"
	ProjectSection(SolutionItems) = preProject
		Build.ps1 = Build.ps1
	EndProjectSection
EndProject
Global
	GlobalSection(SolutionConfigurationPlatforms) = preSolution
		Debug|Any CPU = Debug|Any CPU
		Release|Any CPU = Release|Any CPU
	EndGlobalSection
	GlobalSection(ProjectConfigurationPlatforms) = postSolution
		{AD032A95-2D24-47C5-B636-C570BAA9E1E4}.Debug|Any CPU.ActiveCfg = Debug|Any CPU
		{AD032A95-2D24-47C5-B636-C570BAA9E1E4}.Debug|Any CPU.Build.0 = Debug|Any CPU
		{AD032A95-2D24-47C5-B636-C570BAA9E1E4}.Release|Any CPU.ActiveCfg = Release|Any CPU
		{AD032A95-2D24-47C5-B636-C570BAA9E1E4}.Release|Any CPU.Build.0 = Release|Any CPU
		{892CDBB1-5617-4075-BDEF-9883B1428104}.Debug|Any CPU.ActiveCfg = Debug|Any CPU
		{892CDBB1-5617-4075-BDEF-9883B1428104}.Debug|Any CPU.Build.0 = Debug|Any CPU
		{892CDBB1-5617-4075-BDEF-9883B1428104}.Release|Any CPU.ActiveCfg = Release|Any CPU
		{892CDBB1-5617-4075-BDEF-9883B1428104}.Release|Any CPU.Build.0 = Release|Any CPU
		{4E9B24DB-CE5C-4173-967F-6C53AD753231}.Debug|Any CPU.ActiveCfg = Debug|Any CPU
		{4E9B24DB-CE5C-4173-967F-6C53AD753231}.Debug|Any CPU.Build.0 = Debug|Any CPU
		{4E9B24DB-CE5C-4173-967F-6C53AD753231}.Release|Any CPU.ActiveCfg = Release|Any CPU
		{4E9B24DB-CE5C-4173-967F-6C53AD753231}.Release|Any CPU.Build.0 = Release|Any CPU
	EndGlobalSection
	GlobalSection(SolutionProperties) = preSolution
		HideSolutionNode = FALSE
	EndGlobalSection
	GlobalSection(ExtensibilityGlobals) = postSolution
		SolutionGuid = {8597EB39-4453-4B35-A667-82B38CE1BB81}
	EndGlobalSection
EndGlobal
